
Microsoft Visual Studio Solution File, Format Version 12.00
# Visual Studio Version 17
VisualStudioVersion = 17.11.35312.102
MinimumVisualStudioVersion = 10.0.40219.1
Project("{9A19103F-16F7-4668-BE54-9A1E7A4F7556}") = "CompanyDetails", "CompanyDetails\CompanyDetails.csproj", "{C4ABB90B-C4C1-47FC-860D-DA2210362FE3}"
EndProject
Global
	GlobalSection(SolutionConfigurationPlatforms) = preSolution
		Debug|Any CPU = Debug|Any CPU
		Release|Any CPU = Release|Any CPU
	EndGlobalSection
	GlobalSection(ProjectConfigurationPlatforms) = postSolution
		{C4ABB90B-C4C1-47FC-860D-DA2210362FE3}.Debug|Any CPU.ActiveCfg = Debug|Any CPU
		{C4ABB90B-C4C1-47FC-860D-DA2210362FE3}.Debug|Any CPU.Build.0 = Debug|Any CPU
		{C4ABB90B-C4C1-47FC-860D-DA2210362FE3}.Release|Any CPU.ActiveCfg = Release|Any CPU
		{C4ABB90B-C4C1-47FC-860D-DA2210362FE3}.Release|Any CPU.Build.0 = Release|Any CPU
	EndGlobalSection
	GlobalSection(SolutionProperties) = preSolution
		HideSolutionNode = FALSE
	EndGlobalSection
	GlobalSection(ExtensibilityGlobals) = postSolution
		SolutionGuid = {6F969A18-C98E-4DDE-9646-E80746123617}
	EndGlobalSection
EndGlobal
